
Microsoft Visual Studio Solution File, Format Version 12.00
# Visual Studio Version 16
VisualStudioVersion = 16.0.810.0
MinimumVisualStudioVersion = 10.0.40219.1
Project("{FAE04EC0-301F-11D3-BF4B-00C04F79EFBC}") = "SoundPocket.Android", "SoundPocket.Android\SoundPocket.Android.csproj", "{CEB2A8E3-A6BF-432E-884C-F9A6A785E908}"
EndProject
Project("{FAE04EC0-301F-11D3-BF4B-00C04F79EFBC}") = "SoundPocket.iOS", "SoundPocket.iOS\SoundPocket.iOS.csproj", "{2AE874C0-7B25-4FCD-B131-E1C7F36A75FC}"
EndProject
Project("{D954291E-2A0B-460D-934E-DC6B0785DB48}") = "SoundPocket", "SoundPocket\SoundPocket.shproj", "{67BD4355-DF6F-4F43-95BB-02831F7DC7EA}"
EndProject
Global
	GlobalSection(SolutionConfigurationPlatforms) = preSolution
		Debug|Any CPU = Debug|Any CPU
		Release|Any CPU = Release|Any CPU
		Debug|iPhoneSimulator = Debug|iPhoneSimulator
		Release|iPhoneSimulator = Release|iPhoneSimulator
		Debug|iPhone = Debug|iPhone
		Release|iPhone = Release|iPhone
	EndGlobalSection
	GlobalSection(ProjectConfigurationPlatforms) = postSolution
		{CEB2A8E3-A6BF-432E-884C-F9A6A785E908}.Debug|Any CPU.ActiveCfg = Debug|Any CPU
		{CEB2A8E3-A6BF-432E-884C-F9A6A785E908}.Debug|Any CPU.Build.0 = Debug|Any CPU
		{CEB2A8E3-A6BF-432E-884C-F9A6A785E908}.Release|Any CPU.ActiveCfg = Release|Any CPU
		{CEB2A8E3-A6BF-432E-884C-F9A6A785E908}.Release|Any CPU.Build.0 = Release|Any CPU
		{CEB2A8E3-A6BF-432E-884C-F9A6A785E908}.Debug|iPhoneSimulator.ActiveCfg = Debug|Any CPU
		{CEB2A8E3-A6BF-432E-884C-F9A6A785E908}.Debug|iPhoneSimulator.Build.0 = Debug|Any CPU
		{CEB2A8E3-A6BF-432E-884C-F9A6A785E908}.Release|iPhoneSimulator.ActiveCfg = Release|Any CPU
		{CEB2A8E3-A6BF-432E-884C-F9A6A785E908}.Release|iPhoneSimulator.Build.0 = Release|Any CPU
		{CEB2A8E3-A6BF-432E-884C-F9A6A785E908}.Debug|iPhone.ActiveCfg = Debug|Any CPU
		{CEB2A8E3-A6BF-432E-884C-F9A6A785E908}.Debug|iPhone.Build.0 = Debug|Any CPU
		{CEB2A8E3-A6BF-432E-884C-F9A6A785E908}.Release|iPhone.ActiveCfg = Release|Any CPU
		{CEB2A8E3-A6BF-432E-884C-F9A6A785E908}.Release|iPhone.Build.0 = Release|Any CPU
		{2AE874C0-7B25-4FCD-B131-E1C7F36A75FC}.Debug|Any CPU.ActiveCfg = Debug|iPhoneSimulator
		{2AE874C0-7B25-4FCD-B131-E1C7F36A75FC}.Debug|Any CPU.Build.0 = Debug|iPhoneSimulator
		{2AE874C0-7B25-4FCD-B131-E1C7F36A75FC}.Release|Any CPU.ActiveCfg = Release|iPhoneSimulator
		{2AE874C0-7B25-4FCD-B131-E1C7F36A75FC}.Release|Any CPU.Build.0 = Release|iPhoneSimulator
		{2AE874C0-7B25-4FCD-B131-E1C7F36A75FC}.Debug|iPhoneSimulator.ActiveCfg = Debug|iPhoneSimulator
		{2AE874C0-7B25-4FCD-B131-E1C7F36A75FC}.Debug|iPhoneSimulator.Build.0 = Debug|iPhoneSimulator
		{2AE874C0-7B25-4FCD-B131-E1C7F36A75FC}.Release|iPhoneSimulator.ActiveCfg = Release|iPhoneSimulator
		{2AE874C0-7B25-4FCD-B131-E1C7F36A75FC}.Release|iPhoneSimulator.Build.0 = Release|iPhoneSimulator
		{2AE874C0-7B25-4FCD-B131-E1C7F36A75FC}.Debug|iPhone.ActiveCfg = Debug|iPhone
		{2AE874C0-7B25-4FCD-B131-E1C7F36A75FC}.Debug|iPhone.Build.0 = Debug|iPhone
		{2AE874C0-7B25-4FCD-B131-E1C7F36A75FC}.Release|iPhone.ActiveCfg = Release|iPhone
		{2AE874C0-7B25-4FCD-B131-E1C7F36A75FC}.Release|iPhone.Build.0 = Release|iPhone
	EndGlobalSection
	GlobalSection(SolutionProperties) = preSolution
		HideSolutionNode = FALSE
	EndGlobalSection
	GlobalSection(ExtensibilityGlobals) = postSolution
		SolutionGuid = {A161B9F6-764D-4BBC-A376-BDE6637DF6DF}
	EndGlobalSection
EndGlobal
